<?xml version="1.0" encoding="utf-8"?>
<Project ToolsVersion="4.0" xmlns="http://schemas.microsoft.com/developer/msbuild/2003">
  <ItemGroup>
    <Filter Include="Source Files">
      <UniqueIdentifier>{4FC737F1-C7A5-4376-A066-2A32D752A2FF}</UniqueIdentifier>
      <Extensions>cpp;c;cc;cxx;c++;cppm;ixx;def;odl;idl;hpj;bat;asm;asmx</Extensions>
    </Filter>
    <Filter Include="Header Files">
      <UniqueIdentifier>{93995380-89BD-4b04-88EB-625FBE52EBFB}</UniqueIdentifier>
      <Extensions>h;hh;hpp;hxx;h++;hm;inl;inc;ipp;xsd</Extensions>
    </Filter>
    <Filter Include="Resource Files">
      <UniqueIdentifier>{67DA6AB6-F800-4c08-8B7A-83BB121AAD01}</UniqueIdentifier>
      <Extensions>rc;ico;cur;bmp;dlg;rc2;rct;bin;rgs;gif;jpg;jpeg;jpe;resx;tiff;tif;png;wav;mfcribbon-ms</Extensions>
    </Filter>
  </ItemGroup>
  <ItemGroup>
    <ClCompile Include="main.cpp">
      <Filter>Source Files</Filter>
    </ClCompile>
    <ClCompile Include="Dependecies\Luau\Ast.cpp">
      <Filter>Source Files</Filter>
    </ClCompile>
    <ClCompile Include="Dependecies\Luau\BuiltinFolding.cpp">
      <Filter>Source Files</Filter>
    </ClCompile>
    <ClCompile Include="Dependecies\Luau\Builtins.cpp">
      <Filter>Source Files</Filter>
    </ClCompile>
    <ClCompile Include="Dependecies\Luau\BytecodeBuilder.cpp">
      <Filter>Source Files</Filter>
    </ClCompile>
    <ClCompile Include="Dependecies\Luau\Compiler.cpp">
      <Filter>Source Files</Filter>
    </ClCompile>
    <ClCompile Include="Dependecies\Luau\Confusables.cpp">
      <Filter>Source Files</Filter>
    </ClCompile>
    <ClCompile Include="Dependecies\Luau\ConstantFolding.cpp">
      <Filter>Source Files</Filter>
    </ClCompile>
    <ClCompile Include="Dependecies\Luau\CostModel.cpp">
      <Filter>Source Files</Filter>
    </ClCompile>
    <ClCompile Include="Dependecies\Luau\lcode.cpp">
      <Filter>Source Files</Filter>
    </ClCompile>
    <ClCompile Include="Dependecies\Luau\Lexer.cpp">
      <Filter>Source Files</Filter>
    </ClCompile>
    <ClCompile Include="Dependecies\Luau\Location.cpp">
      <Filter>Source Files</Filter>
    </ClCompile>
    <ClCompile Include="Dependecies\Luau\Parser.cpp">
      <Filter>Source Files</Filter>
    </ClCompile>
    <ClCompile Include="Dependecies\Luau\StringUtils.cpp">
      <Filter>Source Files</Filter>
    </ClCompile>
    <ClCompile Include="Dependecies\Luau\TableShape.cpp">
      <Filter>Source Files</Filter>
    </ClCompile>
    <ClCompile Include="Dependecies\Luau\TimeTrace.cpp">
      <Filter>Source Files</Filter>
    </ClCompile>
    <ClCompile Include="Dependecies\Luau\Types.cpp">
      <Filter>Source Files</Filter>
    </ClCompile>
    <ClCompile Include="Dependecies\Luau\ValueTracking.cpp">
      <Filter>Source Files</Filter>
    </ClCompile>
    <ClCompile Include="Utils\MemoryManager.cpp">
      <Filter>Source Files</Filter>
    </ClCompile>
    <ClCompile Include="ixwebsocket\IXConnectionState.cpp">
      <Filter>Source Files</Filter>
    </ClCompile>
    <ClCompile Include="ixwebsocket\IXDNSLookup.cpp">
      <Filter>Source Files</Filter>
    </ClCompile>
    <ClCompile Include="ixwebsocket\IXExponentialBackoff.cpp">
      <Filter>Source Files</Filter>
    </ClCompile>
    <ClCompile Include="ixwebsocket\IXGetFreePort.cpp">
      <Filter>Source Files</Filter>
    </ClCompile>
    <ClCompile Include="ixwebsocket\IXGzipCodec.cpp">
      <Filter>Source Files</Filter>
    </ClCompile>
    <ClCompile Include="ixwebsocket\IXHttp.cpp">
      <Filter>Source Files</Filter>
    </ClCompile>
    <ClCompile Include="ixwebsocket\IXHttpClient.cpp">
      <Filter>Source Files</Filter>
    </ClCompile>
    <ClCompile Include="ixwebsocket\IXHttpServer.cpp">
      <Filter>Source Files</Filter>
    </ClCompile>
    <ClCompile Include="ixwebsocket\IXNetSystem.cpp">
      <Filter>Source Files</Filter>
    </ClCompile>
    <ClCompile Include="ixwebsocket\IXSelectInterrupt.cpp">
      <Filter>Source Files</Filter>
    </ClCompile>
    <ClCompile Include="ixwebsocket\IXSelectInterruptEvent.cpp">
      <Filter>Source Files</Filter>
    </ClCompile>
    <ClCompile Include="ixwebsocket\IXSelectInterruptFactory.cpp">
      <Filter>Source Files</Filter>
    </ClCompile>
    <ClCompile Include="ixwebsocket\IXSelectInterruptPipe.cpp">
      <Filter>Source Files</Filter>
    </ClCompile>
    <ClCompile Include="ixwebsocket\IXSetThreadName.cpp">
      <Filter>Source Files</Filter>
    </ClCompile>
    <ClCompile Include="ixwebsocket\IXSocket.cpp">
      <Filter>Source Files</Filter>
    </ClCompile>
    <ClCompile Include="ixwebsocket\IXSocketAppleSSL.cpp">
      <Filter>Source Files</Filter>
    </ClCompile>
    <ClCompile Include="ixwebsocket\IXSocketConnect.cpp">
      <Filter>Source Files</Filter>
    </ClCompile>
    <ClCompile Include="ixwebsocket\IXSocketFactory.cpp">
      <Filter>Source Files</Filter>
    </ClCompile>
    <ClCompile Include="ixwebsocket\IXSocketMbedTLS.cpp">
      <Filter>Source Files</Filter>
    </ClCompile>
    <ClCompile Include="ixwebsocket\IXSocketOpenSSL.cpp">
      <Filter>Source Files</Filter>
    </ClCompile>
    <ClCompile Include="ixwebsocket\IXSocketServer.cpp">
      <Filter>Source Files</Filter>
    </ClCompile>
    <ClCompile Include="ixwebsocket\IXSocketTLSOptions.cpp">
      <Filter>Source Files</Filter>
    </ClCompile>
    <ClCompile Include="ixwebsocket\IXStrCaseCompare.cpp">
      <Filter>Source Files</Filter>
    </ClCompile>
    <ClCompile Include="ixwebsocket\IXUdpSocket.cpp">
      <Filter>Source Files</Filter>
    </ClCompile>
    <ClCompile Include="ixwebsocket\IXUrlParser.cpp">
      <Filter>Source Files</Filter>
    </ClCompile>
    <ClCompile Include="ixwebsocket\IXUserAgent.cpp">
      <Filter>Source Files</Filter>
    </ClCompile>
    <ClCompile Include="ixwebsocket\IXUuid.cpp">
      <Filter>Source Files</Filter>
    </ClCompile>
    <ClCompile Include="ixwebsocket\IXWebSocket.cpp">
      <Filter>Source Files</Filter>
    </ClCompile>
    <ClCompile Include="ixwebsocket\IXWebSocketCloseConstants.cpp">
      <Filter>Source Files</Filter>
    </ClCompile>
    <ClCompile Include="ixwebsocket\IXWebSocketHandshake.cpp">
      <Filter>Source Files</Filter>
    </ClCompile>
    <ClCompile Include="ixwebsocket\IXWebSocketHttpHeaders.cpp">
      <Filter>Source Files</Filter>
    </ClCompile>
    <ClCompile Include="ixwebsocket\IXWebSocketPerMessageDeflate.cpp">
      <Filter>Source Files</Filter>
    </ClCompile>
    <ClCompile Include="ixwebsocket\IXWebSocketPerMessageDeflateCodec.cpp">
      <Filter>Source Files</Filter>
    </ClCompile>
    <ClCompile Include="ixwebsocket\IXWebSocketPerMessageDeflateOptions.cpp">
      <Filter>Source Files</Filter>
    </ClCompile>
    <ClCompile Include="ixwebsocket\IXWebSocketProxyServer.cpp">
      <Filter>Source Files</Filter>
    </ClCompile>
    <ClCompile Include="ixwebsocket\IXWebSocketServer.cpp">
      <Filter>Source Files</Filter>
    </ClCompile>
    <ClCompile Include="ixwebsocket\IXWebSocketTransport.cpp">
      <Filter>Source Files</Filter>
    </ClCompile>
    <ClCompile Include="ixwebsocket\IXBench.cpp">
      <Filter>Source Files</Filter>
    </ClCompile>
    <ClCompile Include="ixwebsocket\IXCancellationRequest.cpp">
      <Filter>Source Files</Filter>
    </ClCompile>
  </ItemGroup>
  <ItemGroup>
    <ClInclude Include="Utils\Process.hpp">
      <Filter>Header Files</Filter>
    </ClInclude>
    <ClInclude Include="Utils\Instance.hpp">
      <Filter>Header Files</Filter>
    </ClInclude>
    <ClInclude Include="Utils\Bytecode.hpp">
      <Filter>Header Files</Filter>
    </ClInclude>
    <ClInclude Include="Dependecies\Luau\Ast.h">
      <Filter>Header Files</Filter>
    </ClInclude>
    <ClInclude Include="Dependecies\Luau\BuiltinFolding.h">
      <Filter>Header Files</Filter>
    </ClInclude>
    <ClInclude Include="Dependecies\Luau\Builtins.h">
      <Filter>Header Files</Filter>
    </ClInclude>
    <ClInclude Include="Dependecies\Luau\Bytecode.h">
      <Filter>Header Files</Filter>
    </ClInclude>
    <ClInclude Include="Dependecies\Luau\BytecodeBuilder.h">
      <Filter>Header Files</Filter>
    </ClInclude>
    <ClInclude Include="Dependecies\Luau\BytecodeUtils.h">
      <Filter>Header Files</Filter>
    </ClInclude>
    <ClInclude Include="Dependecies\Luau\Common.h">
      <Filter>Header Files</Filter>
    </ClInclude>
    <ClInclude Include="Dependecies\Luau\Compiler.h">
      <Filter>Header Files</Filter>
    </ClInclude>
    <ClInclude Include="Dependecies\Luau\Confusables.h">
      <Filter>Header Files</Filter>
    </ClInclude>
    <ClInclude Include="Dependecies\Luau\ConstantFolding.h">
      <Filter>Header Files</Filter>
    </ClInclude>
    <ClInclude Include="Dependecies\Luau\CostModel.h">
      <Filter>Header Files</Filter>
    </ClInclude>
    <ClInclude Include="Dependecies\Luau\DenseHash.h">
      <Filter>Header Files</Filter>
    </ClInclude>
    <ClInclude Include="Dependecies\Luau\ExperimentalFlags.h">
      <Filter>Header Files</Filter>
    </ClInclude>
    <ClInclude Include="Dependecies\Luau\Lexer.h">
      <Filter>Header Files</Filter>
    </ClInclude>
    <ClInclude Include="Dependecies\Luau\Location.h">
      <Filter>Header Files</Filter>
    </ClInclude>
    <ClInclude Include="Dependecies\Luau\ParseOptions.h">
      <Filter>Header Files</Filter>
    </ClInclude>
    <ClInclude Include="Dependecies\Luau\Parser.h">
      <Filter>Header Files</Filter>
    </ClInclude>
    <ClInclude Include="Dependecies\Luau\ParseResult.h">
      <Filter>Header Files</Filter>
    </ClInclude>
    <ClInclude Include="Dependecies\Luau\StringUtils.h">
      <Filter>Header Files</Filter>
    </ClInclude>
    <ClInclude Include="Dependecies\Luau\TableShape.h">
      <Filter>Header Files</Filter>
    </ClInclude>
    <ClInclude Include="Dependecies\Luau\TimeTrace.h">
      <Filter>Header Files</Filter>
    </ClInclude>
    <ClInclude Include="Dependecies\Luau\Types.h">
      <Filter>Header Files</Filter>
    </ClInclude>
    <ClInclude Include="Dependecies\Luau\ValueTracking.h">
      <Filter>Header Files</Filter>
    </ClInclude>
    <ClInclude Include="Dependecies\Luau\Variant.h">
      <Filter>Header Files</Filter>
    </ClInclude>
    <ClInclude Include="Dependecies\Luau\VecDeque.h">
      <Filter>Header Files</Filter>
    </ClInclude>
    <ClInclude Include="Dependecies\blake3\blake3.h">
      <Filter>Header Files</Filter>
    </ClInclude>
    <ClInclude Include="Resource.h">
      <Filter>Header Files</Filter>
    </ClInclude>
    <ClInclude Include="Dependecies\luacode.h">
      <Filter>Header Files</Filter>
    </ClInclude>
    <ClInclude Include="Bridge.hpp">
      <Filter>Header Files</Filter>
    </ClInclude>
    <ClInclude Include="Dependecies\server\nlohmann\json.hpp">
      <Filter>Header Files</Filter>
    </ClInclude>
    <ClInclude Include="Dependecies\server\nlohmann\json_fwd.hpp">
      <Filter>Header Files</Filter>
    </ClInclude>
    <ClInclude Include="Dependecies\server\base64.hpp">
      <Filter>Header Files</Filter>
    </ClInclude>
    <ClInclude Include="Dependecies\server\httplib.h">
      <Filter>Header Files</Filter>
    </ClInclude>
    <ClInclude Include="Dependecies\server\server.h">
      <Filter>Header Files</Filter>
    </ClInclude>
    <ClInclude Include="Utils\MemoryManager.h">
      <Filter>Header Files</Filter>
    </ClInclude>
    <ClInclude Include="ixwebsocket\IXConnectionState.h">
      <Filter>Header Files</Filter>
    </ClInclude>
    <ClInclude Include="ixwebsocket\IXDNSLookup.h">
      <Filter>Header Files</Filter>
    </ClInclude>
    <ClInclude Include="ixwebsocket\IXExponentialBackoff.h">
      <Filter>Header Files</Filter>
    </ClInclude>
    <ClInclude Include="ixwebsocket\IXGetFreePort.h">
      <Filter>Header Files</Filter>
    </ClInclude>
    <ClInclude Include="ixwebsocket\IXGzipCodec.h">
      <Filter>Header Files</Filter>
    </ClInclude>
    <ClInclude Include="ixwebsocket\IXHttp.h">
      <Filter>Header Files</Filter>
    </ClInclude>
    <ClInclude Include="ixwebsocket\IXHttpClient.h">
      <Filter>Header Files</Filter>
    </ClInclude>
    <ClInclude Include="ixwebsocket\IXHttpServer.h">
      <Filter>Header Files</Filter>
    </ClInclude>
    <ClInclude Include="ixwebsocket\IXNetSystem.h">
      <Filter>Header Files</Filter>
    </ClInclude>
    <ClInclude Include="ixwebsocket\IXProgressCallback.h">
      <Filter>Header Files</Filter>
    </ClInclude>
    <ClInclude Include="ixwebsocket\IXSelectInterrupt.h">
      <Filter>Header Files</Filter>
    </ClInclude>
    <ClInclude Include="ixwebsocket\IXSelectInterruptEvent.h">
      <Filter>Header Files</Filter>
    </ClInclude>
    <ClInclude Include="ixwebsocket\IXSelectInterruptFactory.h">
      <Filter>Header Files</Filter>
    </ClInclude>
    <ClInclude Include="ixwebsocket\IXSelectInterruptPipe.h">
      <Filter>Header Files</Filter>
    </ClInclude>
    <ClInclude Include="ixwebsocket\IXSetThreadName.h">
      <Filter>Header Files</Filter>
    </ClInclude>
    <ClInclude Include="ixwebsocket\IXSocket.h">
      <Filter>Header Files</Filter>
    </ClInclude>
    <ClInclude Include="ixwebsocket\IXSocketAppleSSL.h">
      <Filter>Header Files</Filter>
    </ClInclude>
    <ClInclude Include="ixwebsocket\IXSocketConnect.h">
      <Filter>Header Files</Filter>
    </ClInclude>
    <ClInclude Include="ixwebsocket\IXSocketFactory.h">
      <Filter>Header Files</Filter>
    </ClInclude>
    <ClInclude Include="ixwebsocket\IXSocketMbedTLS.h">
      <Filter>Header Files</Filter>
    </ClInclude>
    <ClInclude Include="ixwebsocket\IXSocketOpenSSL.h">
      <Filter>Header Files</Filter>
    </ClInclude>
    <ClInclude Include="ixwebsocket\IXSocketServer.h">
      <Filter>Header Files</Filter>
    </ClInclude>
    <ClInclude Include="ixwebsocket\IXSocketTLSOptions.h">
      <Filter>Header Files</Filter>
    </ClInclude>
    <ClInclude Include="ixwebsocket\IXStrCaseCompare.h">
      <Filter>Header Files</Filter>
    </ClInclude>
    <ClInclude Include="ixwebsocket\IXUdpSocket.h">
      <Filter>Header Files</Filter>
    </ClInclude>
    <ClInclude Include="ixwebsocket\IXUniquePtr.h">
      <Filter>Header Files</Filter>
    </ClInclude>
    <ClInclude Include="ixwebsocket\IXUrlParser.h">
      <Filter>Header Files</Filter>
    </ClInclude>
    <ClInclude Include="ixwebsocket\IXUserAgent.h">
      <Filter>Header Files</Filter>
    </ClInclude>
    <ClInclude Include="ixwebsocket\IXUtf8Validator.h">
      <Filter>Header Files</Filter>
    </ClInclude>
    <ClInclude Include="ixwebsocket\IXUuid.h">
      <Filter>Header Files</Filter>
    </ClInclude>
    <ClInclude Include="ixwebsocket\IXWebSocket.h">
      <Filter>Header Files</Filter>
    </ClInclude>
    <ClInclude Include="ixwebsocket\IXWebSocketCloseConstants.h">
      <Filter>Header Files</Filter>
    </ClInclude>
    <ClInclude Include="ixwebsocket\IXWebSocketCloseInfo.h">
      <Filter>Header Files</Filter>
    </ClInclude>
    <ClInclude Include="ixwebsocket\IXWebSocketErrorInfo.h">
      <Filter>Header Files</Filter>
    </ClInclude>
    <ClInclude Include="ixwebsocket\IXWebSocketHandshake.h">
      <Filter>Header Files</Filter>
    </ClInclude>
    <ClInclude Include="ixwebsocket\IXWebSocketHandshakeKeyGen.h">
      <Filter>Header Files</Filter>
    </ClInclude>
    <ClInclude Include="ixwebsocket\IXWebSocketHttpHeaders.h">
      <Filter>Header Files</Filter>
    </ClInclude>
    <ClInclude Include="ixwebsocket\IXWebSocketInitResult.h">
      <Filter>Header Files</Filter>
    </ClInclude>
    <ClInclude Include="ixwebsocket\IXWebSocketMessage.h">
      <Filter>Header Files</Filter>
    </ClInclude>
    <ClInclude Include="ixwebsocket\IXWebSocketMessageType.h">
      <Filter>Header Files</Filter>
    </ClInclude>
    <ClInclude Include="ixwebsocket\IXWebSocketOpenInfo.h">
      <Filter>Header Files</Filter>
    </ClInclude>
    <ClInclude Include="ixwebsocket\IXWebSocketPerMessageDeflate.h">
      <Filter>Header Files</Filter>
    </ClInclude>
    <ClInclude Include="ixwebsocket\IXWebSocketPerMessageDeflateCodec.h">
      <Filter>Header Files</Filter>
    </ClInclude>
    <ClInclude Include="ixwebsocket\IXWebSocketPerMessageDeflateOptions.h">
      <Filter>Header Files</Filter>
    </ClInclude>
    <ClInclude Include="ixwebsocket\IXWebSocketProxyServer.h">
      <Filter>Header Files</Filter>
    </ClInclude>
    <ClInclude Include="ixwebsocket\IXWebSocketSendData.h">
      <Filter>Header Files</Filter>
    </ClInclude>
    <ClInclude Include="ixwebsocket\IXWebSocketSendInfo.h">
      <Filter>Header Files</Filter>
    </ClInclude>
    <ClInclude Include="ixwebsocket\IXWebSocketServer.h">
      <Filter>Header Files</Filter>
    </ClInclude>
    <ClInclude Include="ixwebsocket\IXWebSocketTransport.h">
      <Filter>Header Files</Filter>
    </ClInclude>
    <ClInclude Include="ixwebsocket\IXWebSocketVersion.h">
      <Filter>Header Files</Filter>
    </ClInclude>
    <ClInclude Include="ixwebsocket\IXBase64.h">
      <Filter>Header Files</Filter>
    </ClInclude>
    <ClInclude Include="ixwebsocket\IXBench.h">
      <Filter>Header Files</Filter>
    </ClInclude>
    <ClInclude Include="ixwebsocket\IXCancellationRequest.h">
      <Filter>Header Files</Filter>
    </ClInclude>
    <ClInclude Include="Update\Offsets.hpp">
      <Filter>Header Files</Filter>
    </ClInclude>
  </ItemGroup>
  <ItemGroup>
    <None Include="Utils\Memory.hpp" />
    <None Include="Init.lua" />
  </ItemGroup>
  <ItemGroup>
    <MASM Include="Utils\Luck.asm">
      <Filter>Source Files</Filter>
    </MASM>
  </ItemGroup>
  <ItemGroup>
    <ResourceCompile Include="Resource.rc">
      <Filter>Resource Files</Filter>
    </ResourceCompile>
  </ItemGroup>
</Project>